
Microsoft Visual Studio Solution File, Format Version 12.00
# Visual Studio Version 16
VisualStudioVersion = 16.0.30717.126
MinimumVisualStudioVersion = 10.0.40219.1
Project("{9A19103F-16F7-4668-BE54-9A1E7A4F7556}") = "Updater", "Updater\Updater.csproj", "{BD08B48C-99FB-4F67-B8AB-59B58EA1B3F0}"
EndProject
Project("{2150E333-8FDC-42A3-9474-1A3956D46DE8}") = "Solution Items", "Solution Items", "{18E5BED3-EB23-420A-AEC1-6B740B8D5BB6}"
	ProjectSection(SolutionItems) = preProject
		..\.gitattributes = ..\.gitattributes
		..\.gitignore = ..\.gitignore
		..\.editorconfig = ..\.editorconfig
	EndProjectSection
EndProject
Project("{FAE04EC0-301F-11D3-BF4B-00C04F79EFBC}") = "Launcher", "Launcher\Launcher.csproj", "{C117132F-93E7-45BA-88AD-FEC9C74F3EEC}"
EndProject
Project("{FAE04EC0-301F-11D3-BF4B-00C04F79EFBC}") = "Infrastructure", "Infrastructure\Infrastructure.csproj", "{FBC9B51B-2813-4632-A276-AACE739CCCC4}"
EndProject
Global
	GlobalSection(SolutionConfigurationPlatforms) = preSolution
		Debug|Any CPU = Debug|Any CPU
		Release|Any CPU = Release|Any CPU
	EndGlobalSection
	GlobalSection(ProjectConfigurationPlatforms) = postSolution
		{BD08B48C-99FB-4F67-B8AB-59B58EA1B3F0}.Debug|Any CPU.ActiveCfg = Debug|Any CPU
		{BD08B48C-99FB-4F67-B8AB-59B58EA1B3F0}.Debug|Any CPU.Build.0 = Debug|Any CPU
		{BD08B48C-99FB-4F67-B8AB-59B58EA1B3F0}.Release|Any CPU.ActiveCfg = Release|Any CPU
		{BD08B48C-99FB-4F67-B8AB-59B58EA1B3F0}.Release|Any CPU.Build.0 = Release|Any CPU
		{C117132F-93E7-45BA-88AD-FEC9C74F3EEC}.Debug|Any CPU.ActiveCfg = Debug|Any CPU
		{C117132F-93E7-45BA-88AD-FEC9C74F3EEC}.Debug|Any CPU.Build.0 = Debug|Any CPU
		{C117132F-93E7-45BA-88AD-FEC9C74F3EEC}.Release|Any CPU.ActiveCfg = Release|Any CPU
		{C117132F-93E7-45BA-88AD-FEC9C74F3EEC}.Release|Any CPU.Build.0 = Release|Any CPU
		{FBC9B51B-2813-4632-A276-AACE739CCCC4}.Debug|Any CPU.ActiveCfg = Debug|Any CPU
		{FBC9B51B-2813-4632-A276-AACE739CCCC4}.Debug|Any CPU.Build.0 = Debug|Any CPU
		{FBC9B51B-2813-4632-A276-AACE739CCCC4}.Release|Any CPU.ActiveCfg = Release|Any CPU
		{FBC9B51B-2813-4632-A276-AACE739CCCC4}.Release|Any CPU.Build.0 = Release|Any CPU
	EndGlobalSection
	GlobalSection(SolutionProperties) = preSolution
		HideSolutionNode = FALSE
	EndGlobalSection
	GlobalSection(ExtensibilityGlobals) = postSolution
		SolutionGuid = {E3428560-97F1-4320-9168-5BB3980BC924}
	EndGlobalSection
EndGlobal
